
Microsoft Visual Studio Solution File, Format Version 12.00
# Visual Studio Version 17
VisualStudioVersion = 17.14.36401.2
MinimumVisualStudioVersion = 10.0.40219.1
Project("{FAE04EC0-301F-11D3-BF4B-00C04F79EFBC}") = "Application", "Application\Application.csproj", "{4F005D0C-0BD1-4050-A00E-6CE5629742DB}"
EndProject
Project("{FAE04EC0-301F-11D3-BF4B-00C04F79EFBC}") = "Domain", "Domain\Domain.csproj", "{47756B27-4957-4DC8-AED3-9ED6A80C334F}"
EndProject
Project("{FAE04EC0-301F-11D3-BF4B-00C04F79EFBC}") = "Infastructure", "Infastructure\Infastructure.csproj", "{D3B08EAE-7BEE-494F-8482-235D44F4F633}"
EndProject
Project("{FAE04EC0-301F-11D3-BF4B-00C04F79EFBC}") = "WebAPI", "WebAPI\WebAPI.csproj", "{1F5BBEF1-A7C9-4FF8-9EBB-4C47996273EE}"
EndProject
Project("{FAE04EC0-301F-11D3-BF4B-00C04F79EFBC}") = "WebUI", "WebUI\WebUI.csproj", "{4FEF1EA0-8B2F-455E-8732-5AD04C5D2CBC}"
EndProject
Global
	GlobalSection(SolutionConfigurationPlatforms) = preSolution
		Debug|Any CPU = Debug|Any CPU
		Release|Any CPU = Release|Any CPU
	EndGlobalSection
	GlobalSection(ProjectConfigurationPlatforms) = postSolution
		{4F005D0C-0BD1-4050-A00E-6CE5629742DB}.Debug|Any CPU.ActiveCfg = Debug|Any CPU
		{4F005D0C-0BD1-4050-A00E-6CE5629742DB}.Debug|Any CPU.Build.0 = Debug|Any CPU
		{4F005D0C-0BD1-4050-A00E-6CE5629742DB}.Release|Any CPU.ActiveCfg = Release|Any CPU
		{4F005D0C-0BD1-4050-A00E-6CE5629742DB}.Release|Any CPU.Build.0 = Release|Any CPU
		{47756B27-4957-4DC8-AED3-9ED6A80C334F}.Debug|Any CPU.ActiveCfg = Debug|Any CPU
		{47756B27-4957-4DC8-AED3-9ED6A80C334F}.Debug|Any CPU.Build.0 = Debug|Any CPU
		{47756B27-4957-4DC8-AED3-9ED6A80C334F}.Release|Any CPU.ActiveCfg = Release|Any CPU
		{47756B27-4957-4DC8-AED3-9ED6A80C334F}.Release|Any CPU.Build.0 = Release|Any CPU
		{D3B08EAE-7BEE-494F-8482-235D44F4F633}.Debug|Any CPU.ActiveCfg = Debug|Any CPU
		{D3B08EAE-7BEE-494F-8482-235D44F4F633}.Debug|Any CPU.Build.0 = Debug|Any CPU
		{D3B08EAE-7BEE-494F-8482-235D44F4F633}.Release|Any CPU.ActiveCfg = Release|Any CPU
		{D3B08EAE-7BEE-494F-8482-235D44F4F633}.Release|Any CPU.Build.0 = Release|Any CPU
		{1F5BBEF1-A7C9-4FF8-9EBB-4C47996273EE}.Debug|Any CPU.ActiveCfg = Debug|Any CPU
		{1F5BBEF1-A7C9-4FF8-9EBB-4C47996273EE}.Debug|Any CPU.Build.0 = Debug|Any CPU
		{1F5BBEF1-A7C9-4FF8-9EBB-4C47996273EE}.Release|Any CPU.ActiveCfg = Release|Any CPU
		{1F5BBEF1-A7C9-4FF8-9EBB-4C47996273EE}.Release|Any CPU.Build.0 = Release|Any CPU
		{4FEF1EA0-8B2F-455E-8732-5AD04C5D2CBC}.Debug|Any CPU.ActiveCfg = Debug|Any CPU
		{4FEF1EA0-8B2F-455E-8732-5AD04C5D2CBC}.Debug|Any CPU.Build.0 = Debug|Any CPU
		{4FEF1EA0-8B2F-455E-8732-5AD04C5D2CBC}.Release|Any CPU.ActiveCfg = Release|Any CPU
		{4FEF1EA0-8B2F-455E-8732-5AD04C5D2CBC}.Release|Any CPU.Build.0 = Release|Any CPU
	EndGlobalSection
	GlobalSection(SolutionProperties) = preSolution
		HideSolutionNode = FALSE
	EndGlobalSection
	GlobalSection(ExtensibilityGlobals) = postSolution
		SolutionGuid = {7316CDAC-CAA9-4D4A-A4C9-80A2A9A3E283}
	EndGlobalSection
EndGlobal
